
Microsoft Visual Studio Solution File, Format Version 12.00
Project("{2150E333-8FDC-42A3-9474-1A3956D46DE8}") = "src", "src", "{D9C106F5-0C37-489F-8C41-EEF2B0345E78}"
EndProject
Project("{FAE04EC0-301F-11D3-BF4B-00C04F79EFBC}") = "Travelers.Api", "src\Travelers.Api\Travelers.Api.csproj", "{4EB07B36-A7E6-4A18-B6D5-F7479FFD334B}"
	ProjectSection(ProjectDependencies) = postProject
		{8A78567F-2269-4AB9-A2BD-A1A8E90FA4ED} = {8A78567F-2269-4AB9-A2BD-A1A8E90FA4ED}
		{F45F5044-7AD1-46E0-9CC2-FF5F61A8A357} = {F45F5044-7AD1-46E0-9CC2-FF5F61A8A357}
		{43A2ED46-06B2-418D-B598-58A67DE55F7E} = {43A2ED46-06B2-418D-B598-58A67DE55F7E}
		{60763866-FF68-421A-890B-FC34F25D6D02} = {60763866-FF68-421A-890B-FC34F25D6D02}
		{B991EE9E-5804-425E-BFAB-A21592AC417C} = {B991EE9E-5804-425E-BFAB-A21592AC417C}
	EndProjectSection
EndProject
Project("{FAE04EC0-301F-11D3-BF4B-00C04F79EFBC}") = "Travelers.Application", "src\Travelers.Application\Travelers.Application.csproj", "{8A78567F-2269-4AB9-A2BD-A1A8E90FA4ED}"
	ProjectSection(ProjectDependencies) = postProject
		{F45F5044-7AD1-46E0-9CC2-FF5F61A8A357} = {F45F5044-7AD1-46E0-9CC2-FF5F61A8A357}
		{43A2ED46-06B2-418D-B598-58A67DE55F7E} = {43A2ED46-06B2-418D-B598-58A67DE55F7E}
		{60763866-FF68-421A-890B-FC34F25D6D02} = {60763866-FF68-421A-890B-FC34F25D6D02}
	EndProjectSection
EndProject
Project("{FAE04EC0-301F-11D3-BF4B-00C04F79EFBC}") = "Travelers.Communication", "src\Travelers.Communication\Travelers.Communication.csproj", "{F45F5044-7AD1-46E0-9CC2-FF5F61A8A357}"
EndProject
Project("{FAE04EC0-301F-11D3-BF4B-00C04F79EFBC}") = "Travelers.Domain", "src\Travelers.Domain\Travelers.Domain.csproj", "{43A2ED46-06B2-418D-B598-58A67DE55F7E}"
EndProject
Project("{FAE04EC0-301F-11D3-BF4B-00C04F79EFBC}") = "Travelers.Exception", "src\Travelers.Exception\Travelers.Exception.csproj", "{60763866-FF68-421A-890B-FC34F25D6D02}"
EndProject
Project("{FAE04EC0-301F-11D3-BF4B-00C04F79EFBC}") = "Travelers.Infrastructure", "src\Travelers.Infrastructure\Travelers.Infrastructure.csproj", "{B991EE9E-5804-425E-BFAB-A21592AC417C}"
	ProjectSection(ProjectDependencies) = postProject
		{8A78567F-2269-4AB9-A2BD-A1A8E90FA4ED} = {8A78567F-2269-4AB9-A2BD-A1A8E90FA4ED}
		{F45F5044-7AD1-46E0-9CC2-FF5F61A8A357} = {F45F5044-7AD1-46E0-9CC2-FF5F61A8A357}
		{43A2ED46-06B2-418D-B598-58A67DE55F7E} = {43A2ED46-06B2-418D-B598-58A67DE55F7E}
		{60763866-FF68-421A-890B-FC34F25D6D02} = {60763866-FF68-421A-890B-FC34F25D6D02}
	EndProjectSection
EndProject
Global
	GlobalSection(SolutionConfigurationPlatforms) = preSolution
		Debug|Any CPU = Debug|Any CPU
		Release|Any CPU = Release|Any CPU
	EndGlobalSection
	GlobalSection(NestedProjects) = preSolution
		{4EB07B36-A7E6-4A18-B6D5-F7479FFD334B} = {D9C106F5-0C37-489F-8C41-EEF2B0345E78}
		{8A78567F-2269-4AB9-A2BD-A1A8E90FA4ED} = {D9C106F5-0C37-489F-8C41-EEF2B0345E78}
		{F45F5044-7AD1-46E0-9CC2-FF5F61A8A357} = {D9C106F5-0C37-489F-8C41-EEF2B0345E78}
		{43A2ED46-06B2-418D-B598-58A67DE55F7E} = {D9C106F5-0C37-489F-8C41-EEF2B0345E78}
		{60763866-FF68-421A-890B-FC34F25D6D02} = {D9C106F5-0C37-489F-8C41-EEF2B0345E78}
		{B991EE9E-5804-425E-BFAB-A21592AC417C} = {D9C106F5-0C37-489F-8C41-EEF2B0345E78}
	EndGlobalSection
	GlobalSection(ProjectConfigurationPlatforms) = postSolution
		{4EB07B36-A7E6-4A18-B6D5-F7479FFD334B}.Debug|Any CPU.ActiveCfg = Debug|Any CPU
		{4EB07B36-A7E6-4A18-B6D5-F7479FFD334B}.Debug|Any CPU.Build.0 = Debug|Any CPU
		{4EB07B36-A7E6-4A18-B6D5-F7479FFD334B}.Release|Any CPU.ActiveCfg = Release|Any CPU
		{4EB07B36-A7E6-4A18-B6D5-F7479FFD334B}.Release|Any CPU.Build.0 = Release|Any CPU
		{8A78567F-2269-4AB9-A2BD-A1A8E90FA4ED}.Debug|Any CPU.ActiveCfg = Debug|Any CPU
		{8A78567F-2269-4AB9-A2BD-A1A8E90FA4ED}.Debug|Any CPU.Build.0 = Debug|Any CPU
		{8A78567F-2269-4AB9-A2BD-A1A8E90FA4ED}.Release|Any CPU.ActiveCfg = Release|Any CPU
		{8A78567F-2269-4AB9-A2BD-A1A8E90FA4ED}.Release|Any CPU.Build.0 = Release|Any CPU
		{F45F5044-7AD1-46E0-9CC2-FF5F61A8A357}.Debug|Any CPU.ActiveCfg = Debug|Any CPU
		{F45F5044-7AD1-46E0-9CC2-FF5F61A8A357}.Debug|Any CPU.Build.0 = Debug|Any CPU
		{F45F5044-7AD1-46E0-9CC2-FF5F61A8A357}.Release|Any CPU.ActiveCfg = Release|Any CPU
		{F45F5044-7AD1-46E0-9CC2-FF5F61A8A357}.Release|Any CPU.Build.0 = Release|Any CPU
		{43A2ED46-06B2-418D-B598-58A67DE55F7E}.Debug|Any CPU.ActiveCfg = Debug|Any CPU
		{43A2ED46-06B2-418D-B598-58A67DE55F7E}.Debug|Any CPU.Build.0 = Debug|Any CPU
		{43A2ED46-06B2-418D-B598-58A67DE55F7E}.Release|Any CPU.ActiveCfg = Release|Any CPU
		{43A2ED46-06B2-418D-B598-58A67DE55F7E}.Release|Any CPU.Build.0 = Release|Any CPU
		{60763866-FF68-421A-890B-FC34F25D6D02}.Debug|Any CPU.ActiveCfg = Debug|Any CPU
		{60763866-FF68-421A-890B-FC34F25D6D02}.Debug|Any CPU.Build.0 = Debug|Any CPU
		{60763866-FF68-421A-890B-FC34F25D6D02}.Release|Any CPU.ActiveCfg = Release|Any CPU
		{60763866-FF68-421A-890B-FC34F25D6D02}.Release|Any CPU.Build.0 = Release|Any CPU
		{B991EE9E-5804-425E-BFAB-A21592AC417C}.Debug|Any CPU.ActiveCfg = Debug|Any CPU
		{B991EE9E-5804-425E-BFAB-A21592AC417C}.Debug|Any CPU.Build.0 = Debug|Any CPU
		{B991EE9E-5804-425E-BFAB-A21592AC417C}.Release|Any CPU.ActiveCfg = Release|Any CPU
		{B991EE9E-5804-425E-BFAB-A21592AC417C}.Release|Any CPU.Build.0 = Release|Any CPU
	EndGlobalSection
EndGlobal
